{
  "name": "ark",
  "version": "1.0.0",
  "lockfileVersion": 2,
  "requires": true,
  "packages": {
    "": {
      "name": "ark",
      "version": "1.0.0",
      "license": "MIT",
      "dependencies": {
        "drcircuitscanvaslibrary": "^1.3.9"
      }
    },
    "node_modules/drcircuitscanvaslibrary": {
      "version": "1.3.9",
      "resolved": "https://registry.npmjs.org/drcircuitscanvaslibrary/-/drcircuitscanvaslibrary-1.3.9.tgz",
      "integrity": "sha512-T8HwR86G60+7E9RQVkNsywEOCyY46/jb76k3iaIgIo5KW24FtErlIgXhVU2CKwD3EIAJSvurVe/ndveA7sQcnw=="
    }
  },
  "dependencies": {
    "drcircuitscanvaslibrary": {
      "version": "1.3.9",
      "resolved": "https://registry.npmjs.org/drcircuitscanvaslibrary/-/drcircuitscanvaslibrary-1.3.9.tgz",
      "integrity": "sha512-T8HwR86G60+7E9RQVkNsywEOCyY46/jb76k3iaIgIo5KW24FtErlIgXhVU2CKwD3EIAJSvurVe/ndveA7sQcnw=="
    }
  }
}
